{
  "name": "Linda's Snack Paradise",
  "version": "1.0.0",
  "lockfileVersion": 2,
  "requires": true,
  "dependencies": {
    "express": {
      "version": "4.17.1",
      "resolved": "https://registry.npmjs.org/express/-/express-4.17.1.tgz",
      "integrity": "sha512-MS3OwXxB2TVSlG3p5OA+uNX/1qRA7DA7F2cfZi2BK9L6sLNB8Jzk+xx5RNe1LK4zqXBgm15KwcX+eFmcS+DWrA==",
      "dev": true,
      "dependencies": {
        "accepts": "1.3.7",
        "array-flatten": "1.1.1",
        // ...
      }
    },
    "dotenv": {
      "version": "10.0.0",
      "resolved": "https://registry.npmjs.org/dotenv/-/dotenv-10.0.0.tgz",
      "integrity": "sha512-x/Su6jrkfH9IL9v60pbRUpvU+5tAp5C+hSlE6F+g+mVZDte9xQVBK6pcMcqRi1/6VBlsLZ2j0g2dpIheZUnW/w==",
      "dev": true
    },
    "body-parser": {
      "version": "1.19.0",
      "resolved": "https://registry.npmjs.org/body-parser/-/body-parser-1.19.0.tgz",
      "integrity": "sha512-1CxOBw16tu/5lLpLkP7JjbAPpI5VnTXXwZlZCBZDLrZj+5pxqlT97GR1Pup9mujEL+M/PljsIe2QVVbNM21tHQ==",
      "dev": true,
      "dependencies": {
        "bytes": "3.1.0",
        "content-type": "1.0.4",
        // ...
      }
    },
    "cors": {
      "version": "2.8.5",
      "resolved": "https://registry.npmjs.org/cors/-/cors-2.8.5.tgz",
      "integrity": "sha512-hXtnDcDzjvLqRQCcm/Gt25M6B6p28Kxl1V7aM0BwbPm9BCcM2r0fY8enTSf/0XfAZtk6cZIta8w5G1nvFxFkVA==",
      "dev": true
    },
    "prisma": {
      "version": "3.11.1",
      "resolved": "https://registry.npmjs.org/prisma/-/prisma-3.11.1.tgz",
      "integrity": "sha512-o44h7hqU3OjS/MyKTZigU6aC7bvCHk1ka8B6ENZ69mYnbZ4Mn9KFL8L59PSy4KjY/+QTQeGZEVIs9U+YMgPnqA==",
      "dev": true,
      "dependencies": {
        // ...
      }
    },
    "@prisma/client": {
      "version": "3.11.1",
      "resolved": "https://registry.npmjs.org/@prisma/client/-/@prisma/client-3.11.1.tgz",
      "integrity": "sha512-niYiD1KIRBd5vB85y95Leu9Ht+ro0UvUa5pPI0eAYsgSvw+u5Q5cXUIF4uGpH9K3Bt5OZr+GQ1cfaR27yxK2GQ==",
      "dev": true,
      "dependencies": {
        // ...
      }
    },
  }
}